
Microsoft Visual Studio Solution File, Format Version 12.00
# Visual Studio Version 16
VisualStudioVersion = 16.0.30320.27
MinimumVisualStudioVersion = 10.0.40219.1
Project("{8BC9CEB8-8B4A-11D0-8D11-00A0C91BC942}") = "adie", "adie\adie.vcxproj", "{5F7CE0C1-A856-4525-9018-CDF027D2808C}"
EndProject
Project("{8BC9CEB8-8B4A-11D0-8D11-00A0C91BC942}") = "bitmapviewer", "bitmapviewer\bitmapviewer.vcxproj", "{DCE76963-9714-4EF3-AA71-E538028572B1}"
EndProject
Project("{8BC9CEB8-8B4A-11D0-8D11-00A0C91BC942}") = "button", "button\button.vcxproj", "{2D11FEF4-7599-4BB7-AAAE-29B13310FCF5}"
EndProject
Project("{8BC9CEB8-8B4A-11D0-8D11-00A0C91BC942}") = "calculator", "calculator\calculator.vcxproj", "{0987DB1B-B9F0-406F-A692-1F3873FF60A3}"
EndProject
Project("{8BC9CEB8-8B4A-11D0-8D11-00A0C91BC942}") = "chart", "chart\chart.vcxproj", "{454FEE21-045C-47AA-A7FE-C0B07FBD97A5}"
EndProject
Project("{8BC9CEB8-8B4A-11D0-8D11-00A0C91BC942}") = "datatarget", "datatarget\datatarget.vcxproj", "{C40D2FD1-976F-4F69-BE40-B6390238933D}"
EndProject
Project("{8BC9CEB8-8B4A-11D0-8D11-00A0C91BC942}") = "dctest", "dctest\dctest.vcxproj", "{82ECF831-AA19-4279-8E3E-478A9C667A67}"
EndProject
Project("{8BC9CEB8-8B4A-11D0-8D11-00A0C91BC942}") = "dialog", "dialog\dialog.vcxproj", "{30461467-F1B4-4D49-A789-319FD41A98D2}"
EndProject
Project("{8BC9CEB8-8B4A-11D0-8D11-00A0C91BC942}") = "dirlist", "dirlist\dirlist.vcxproj", "{0253DDC0-9659-49BA-B861-A321BC88D668}"
EndProject
Project("{8BC9CEB8-8B4A-11D0-8D11-00A0C91BC942}") = "expression", "expression\expression.vcxproj", "{6AD99791-25DF-420D-8016-F3E0380FD5DE}"
EndProject
Project("{8BC9CEB8-8B4A-11D0-8D11-00A0C91BC942}") = "foursplit", "foursplit\foursplit.vcxproj", "{35452B2E-DBD8-4AA4-AAF5-B5484AA19D56}"
EndProject
Project("{8BC9CEB8-8B4A-11D0-8D11-00A0C91BC942}") = "fox", "fox\fox.vcxproj", "{402E36E6-802D-44BD-8B34-52598C0BDB4E}"
EndProject
Project("{8BC9CEB8-8B4A-11D0-8D11-00A0C91BC942}") = "foxdll", "foxdll\foxdll.vcxproj", "{83CFDE03-9CC2-4A9F-81BB-F9C58ADA8D9D}"
EndProject
Project("{8BC9CEB8-8B4A-11D0-8D11-00A0C91BC942}") = "gltest", "gltest\gltest.vcxproj", "{E299AC7E-78C7-4C48-89B8-9BD62377DAA1}"
EndProject
Project("{8BC9CEB8-8B4A-11D0-8D11-00A0C91BC942}") = "glviewer", "glviewer\glviewer.vcxproj", "{234731FB-E831-41AB-87DE-7CD8D33FE9D1}"
EndProject
Project("{8BC9CEB8-8B4A-11D0-8D11-00A0C91BC942}") = "groupbox", "groupbox\groupbox.vcxproj", "{0F60D392-6A15-4166-B270-3118ACEE99D7}"
EndProject
Project("{8BC9CEB8-8B4A-11D0-8D11-00A0C91BC942}") = "header", "header\header.vcxproj", "{AF46D803-B4D1-4B0C-B653-E258DA5FFED6}"
EndProject
Project("{8BC9CEB8-8B4A-11D0-8D11-00A0C91BC942}") = "hello", "hello\hello.vcxproj", "{0A917E5B-D5C3-4F05-B9E1-F3A20588E4BB}"
EndProject
Project("{8BC9CEB8-8B4A-11D0-8D11-00A0C91BC942}") = "hello2", "hello2\hello2.vcxproj", "{C83055B6-AC7B-45AC-A76A-18F849FAAC00}"
EndProject
Project("{8BC9CEB8-8B4A-11D0-8D11-00A0C91BC942}") = "iconlist", "iconlist\iconlist.vcxproj", "{102F5951-8BDC-429F-9B38-E31F37F73333}"
EndProject
Project("{8BC9CEB8-8B4A-11D0-8D11-00A0C91BC942}") = "image", "image\image.vcxproj", "{9709EED6-E434-448F-AE3E-4A0BC570461E}"
EndProject
Project("{8BC9CEB8-8B4A-11D0-8D11-00A0C91BC942}") = "imageviewer", "imageviewer\imageviewer.vcxproj", "{18954E8C-E43C-44A7-BC3D-BB955DDB6A71}"
EndProject
Project("{8BC9CEB8-8B4A-11D0-8D11-00A0C91BC942}") = "layout", "layout\layout.vcxproj", "{E2FE8ECA-2AE8-471A-9323-C7974F46FA3E}"
EndProject
Project("{8BC9CEB8-8B4A-11D0-8D11-00A0C91BC942}") = "mditest", "mditest\mditest.vcxproj", "{795729EB-B19C-43EB-A884-15B358BC1DBB}"
EndProject
Project("{8BC9CEB8-8B4A-11D0-8D11-00A0C91BC942}") = "memmap", "memmap\memmap.vcxproj", "{AA3276AF-F32B-401F-B622-4AD10E311B34}"
EndProject
Project("{8BC9CEB8-8B4A-11D0-8D11-00A0C91BC942}") = "minheritance", "minheritance\minheritance.vcxproj", "{C31DD62C-40B1-4C8F-B1CD-7C09C83A4BCC}"
EndProject
Project("{8BC9CEB8-8B4A-11D0-8D11-00A0C91BC942}") = "pathfinder", "pathfinder\pathfinder.vcxproj", "{D7367099-0AD5-434C-A8BB-ADDC603EE984}"
EndProject
Project("{8BC9CEB8-8B4A-11D0-8D11-00A0C91BC942}") = "ratio", "ratio\ratio.vcxproj", "{92CCE684-CA5F-47D0-A74D-EA989CF156F0}"
EndProject
Project("{8BC9CEB8-8B4A-11D0-8D11-00A0C91BC942}") = "reswrap", "reswrap\reswrap.vcxproj", "{97C4AAAB-D57F-4CD3-8746-550C219B7A15}"
EndProject
Project("{8BC9CEB8-8B4A-11D0-8D11-00A0C91BC942}") = "scribble", "scribble\scribble.vcxproj", "{4C4D8BF4-8507-431A-8A9A-D3F2C1AB90E7}"
EndProject
Project("{8BC9CEB8-8B4A-11D0-8D11-00A0C91BC942}") = "shutter", "shutter\shutter.vcxproj", "{CD071BA1-2A06-4984-8BA9-4FDAF8E6DFF3}"
EndProject
Project("{8BC9CEB8-8B4A-11D0-8D11-00A0C91BC942}") = "shutterbug", "shutterbug\shutterbug.vcxproj", "{AA8EA59D-F0B4-406F-BF47-A140BF467C11}"
EndProject
Project("{8BC9CEB8-8B4A-11D0-8D11-00A0C91BC942}") = "splitter", "splitter\splitter.vcxproj", "{AF988C64-3640-481A-9BC5-BCEC84071DE6}"
EndProject
Project("{8BC9CEB8-8B4A-11D0-8D11-00A0C91BC942}") = "switcher", "switcher\switcher.vcxproj", "{77882282-F29F-4EF3-B369-3067CA87079E}"
EndProject
Project("{8BC9CEB8-8B4A-11D0-8D11-00A0C91BC942}") = "tabbook", "tabbook\tabbook.vcxproj", "{E8D4B48E-4E59-4AE0-9F8F-056C63C82F63}"
EndProject
Project("{8BC9CEB8-8B4A-11D0-8D11-00A0C91BC942}") = "table", "table\table.vcxproj", "{E35B183C-F968-4514-BFB1-E5133B5AEAF9}"
EndProject
Project("{8BC9CEB8-8B4A-11D0-8D11-00A0C91BC942}") = "wizard", "wizard\wizard.vcxproj", "{920D73EF-C87C-4E96-A237-9892E2662599}"
EndProject
Global
	GlobalSection(SolutionConfigurationPlatforms) = preSolution
		Debug|x64 = Debug|x64
		Debug|x86 = Debug|x86
		Release|x64 = Release|x64
		Release|x86 = Release|x86
		Template|x64 = Template|x64
		Template|x86 = Template|x86
	EndGlobalSection
	GlobalSection(ProjectConfigurationPlatforms) = postSolution
		{5F7CE0C1-A856-4525-9018-CDF027D2808C}.Debug|x64.ActiveCfg = Debug|x64
		{5F7CE0C1-A856-4525-9018-CDF027D2808C}.Debug|x64.Build.0 = Debug|x64
		{5F7CE0C1-A856-4525-9018-CDF027D2808C}.Debug|x86.ActiveCfg = Debug|Win32
		{5F7CE0C1-A856-4525-9018-CDF027D2808C}.Debug|x86.Build.0 = Debug|Win32
		{5F7CE0C1-A856-4525-9018-CDF027D2808C}.Release|x64.ActiveCfg = Release|x64
		{5F7CE0C1-A856-4525-9018-CDF027D2808C}.Release|x64.Build.0 = Release|x64
		{5F7CE0C1-A856-4525-9018-CDF027D2808C}.Release|x86.ActiveCfg = Release|Win32
		{5F7CE0C1-A856-4525-9018-CDF027D2808C}.Release|x86.Build.0 = Release|Win32
		{5F7CE0C1-A856-4525-9018-CDF027D2808C}.Template|x64.ActiveCfg = Debug|x64
		{5F7CE0C1-A856-4525-9018-CDF027D2808C}.Template|x64.Build.0 = Debug|x64
		{5F7CE0C1-A856-4525-9018-CDF027D2808C}.Template|x86.ActiveCfg = Release|Win32
		{5F7CE0C1-A856-4525-9018-CDF027D2808C}.Template|x86.Build.0 = Release|Win32
		{DCE76963-9714-4EF3-AA71-E538028572B1}.Debug|x64.ActiveCfg = Debug|x64
		{DCE76963-9714-4EF3-AA71-E538028572B1}.Debug|x64.Build.0 = Debug|x64
		{DCE76963-9714-4EF3-AA71-E538028572B1}.Debug|x86.ActiveCfg = Debug|Win32
		{DCE76963-9714-4EF3-AA71-E538028572B1}.Debug|x86.Build.0 = Debug|Win32
		{DCE76963-9714-4EF3-AA71-E538028572B1}.Release|x64.ActiveCfg = Release|x64
		{DCE76963-9714-4EF3-AA71-E538028572B1}.Release|x64.Build.0 = Release|x64
		{DCE76963-9714-4EF3-AA71-E538028572B1}.Release|x86.ActiveCfg = Release|Win32
		{DCE76963-9714-4EF3-AA71-E538028572B1}.Release|x86.Build.0 = Release|Win32
		{DCE76963-9714-4EF3-AA71-E538028572B1}.Template|x64.ActiveCfg = Template|x64
		{DCE76963-9714-4EF3-AA71-E538028572B1}.Template|x64.Build.0 = Template|x64
		{DCE76963-9714-4EF3-AA71-E538028572B1}.Template|x86.ActiveCfg = Template|Win32
		{DCE76963-9714-4EF3-AA71-E538028572B1}.Template|x86.Build.0 = Template|Win32
		{2D11FEF4-7599-4BB7-AAAE-29B13310FCF5}.Debug|x64.ActiveCfg = Debug|x64
		{2D11FEF4-7599-4BB7-AAAE-29B13310FCF5}.Debug|x64.Build.0 = Debug|x64
		{2D11FEF4-7599-4BB7-AAAE-29B13310FCF5}.Debug|x86.ActiveCfg = Debug|Win32
		{2D11FEF4-7599-4BB7-AAAE-29B13310FCF5}.Debug|x86.Build.0 = Debug|Win32
		{2D11FEF4-7599-4BB7-AAAE-29B13310FCF5}.Release|x64.ActiveCfg = Release|x64
		{2D11FEF4-7599-4BB7-AAAE-29B13310FCF5}.Release|x64.Build.0 = Release|x64
		{2D11FEF4-7599-4BB7-AAAE-29B13310FCF5}.Release|x86.ActiveCfg = Release|Win32
		{2D11FEF4-7599-4BB7-AAAE-29B13310FCF5}.Release|x86.Build.0 = Release|Win32
		{2D11FEF4-7599-4BB7-AAAE-29B13310FCF5}.Template|x64.ActiveCfg = Template|x64
		{2D11FEF4-7599-4BB7-AAAE-29B13310FCF5}.Template|x64.Build.0 = Template|x64
		{2D11FEF4-7599-4BB7-AAAE-29B13310FCF5}.Template|x86.ActiveCfg = Template|Win32
		{2D11FEF4-7599-4BB7-AAAE-29B13310FCF5}.Template|x86.Build.0 = Template|Win32
		{0987DB1B-B9F0-406F-A692-1F3873FF60A3}.Debug|x64.ActiveCfg = Debug|x64
		{0987DB1B-B9F0-406F-A692-1F3873FF60A3}.Debug|x64.Build.0 = Debug|x64
		{0987DB1B-B9F0-406F-A692-1F3873FF60A3}.Debug|x86.ActiveCfg = Debug|Win32
		{0987DB1B-B9F0-406F-A692-1F3873FF60A3}.Debug|x86.Build.0 = Debug|Win32
		{0987DB1B-B9F0-406F-A692-1F3873FF60A3}.Release|x64.ActiveCfg = Release|x64
		{0987DB1B-B9F0-406F-A692-1F3873FF60A3}.Release|x64.Build.0 = Release|x64
		{0987DB1B-B9F0-406F-A692-1F3873FF60A3}.Release|x86.ActiveCfg = Release|Win32
		{0987DB1B-B9F0-406F-A692-1F3873FF60A3}.Release|x86.Build.0 = Release|Win32
		{0987DB1B-B9F0-406F-A692-1F3873FF60A3}.Template|x64.ActiveCfg = Template|x64
		{0987DB1B-B9F0-406F-A692-1F3873FF60A3}.Template|x64.Build.0 = Template|x64
		{0987DB1B-B9F0-406F-A692-1F3873FF60A3}.Template|x86.ActiveCfg = Template|Win32
		{0987DB1B-B9F0-406F-A692-1F3873FF60A3}.Template|x86.Build.0 = Template|Win32
		{454FEE21-045C-47AA-A7FE-C0B07FBD97A5}.Debug|x64.ActiveCfg = Debug|x64
		{454FEE21-045C-47AA-A7FE-C0B07FBD97A5}.Debug|x64.Build.0 = Debug|x64
		{454FEE21-045C-47AA-A7FE-C0B07FBD97A5}.Debug|x86.ActiveCfg = Debug|Win32
		{454FEE21-045C-47AA-A7FE-C0B07FBD97A5}.Debug|x86.Build.0 = Debug|Win32
		{454FEE21-045C-47AA-A7FE-C0B07FBD97A5}.Release|x64.ActiveCfg = Release|x64
		{454FEE21-045C-47AA-A7FE-C0B07FBD97A5}.Release|x64.Build.0 = Release|x64
		{454FEE21-045C-47AA-A7FE-C0B07FBD97A5}.Release|x86.ActiveCfg = Release|Win32
		{454FEE21-045C-47AA-A7FE-C0B07FBD97A5}.Release|x86.Build.0 = Release|Win32
		{454FEE21-045C-47AA-A7FE-C0B07FBD97A5}.Template|x64.ActiveCfg = Template|x64
		{454FEE21-045C-47AA-A7FE-C0B07FBD97A5}.Template|x64.Build.0 = Template|x64
		{454FEE21-045C-47AA-A7FE-C0B07FBD97A5}.Template|x86.ActiveCfg = Template|Win32
		{454FEE21-045C-47AA-A7FE-C0B07FBD97A5}.Template|x86.Build.0 = Template|Win32
		{C40D2FD1-976F-4F69-BE40-B6390238933D}.Debug|x64.ActiveCfg = Debug|x64
		{C40D2FD1-976F-4F69-BE40-B6390238933D}.Debug|x64.Build.0 = Debug|x64
		{C40D2FD1-976F-4F69-BE40-B6390238933D}.Debug|x86.ActiveCfg = Debug|Win32
		{C40D2FD1-976F-4F69-BE40-B6390238933D}.Debug|x86.Build.0 = Debug|Win32
		{C40D2FD1-976F-4F69-BE40-B6390238933D}.Release|x64.ActiveCfg = Release|x64
		{C40D2FD1-976F-4F69-BE40-B6390238933D}.Release|x64.Build.0 = Release|x64
		{C40D2FD1-976F-4F69-BE40-B6390238933D}.Release|x86.ActiveCfg = Release|Win32
		{C40D2FD1-976F-4F69-BE40-B6390238933D}.Release|x86.Build.0 = Release|Win32
		{C40D2FD1-976F-4F69-BE40-B6390238933D}.Template|x64.ActiveCfg = Template|x64
		{C40D2FD1-976F-4F69-BE40-B6390238933D}.Template|x64.Build.0 = Template|x64
		{C40D2FD1-976F-4F69-BE40-B6390238933D}.Template|x86.ActiveCfg = Template|Win32
		{C40D2FD1-976F-4F69-BE40-B6390238933D}.Template|x86.Build.0 = Template|Win32
		{82ECF831-AA19-4279-8E3E-478A9C667A67}.Debug|x64.ActiveCfg = Debug|x64
		{82ECF831-AA19-4279-8E3E-478A9C667A67}.Debug|x64.Build.0 = Debug|x64
		{82ECF831-AA19-4279-8E3E-478A9C667A67}.Debug|x86.ActiveCfg = Debug|Win32
		{82ECF831-AA19-4279-8E3E-478A9C667A67}.Debug|x86.Build.0 = Debug|Win32
		{82ECF831-AA19-4279-8E3E-478A9C667A67}.Release|x64.ActiveCfg = Release|x64
		{82ECF831-AA19-4279-8E3E-478A9C667A67}.Release|x64.Build.0 = Release|x64
		{82ECF831-AA19-4279-8E3E-478A9C667A67}.Release|x86.ActiveCfg = Release|Win32
		{82ECF831-AA19-4279-8E3E-478A9C667A67}.Release|x86.Build.0 = Release|Win32
		{82ECF831-AA19-4279-8E3E-478A9C667A67}.Template|x64.ActiveCfg = Template|x64
		{82ECF831-AA19-4279-8E3E-478A9C667A67}.Template|x64.Build.0 = Template|x64
		{82ECF831-AA19-4279-8E3E-478A9C667A67}.Template|x86.ActiveCfg = Template|Win32
		{82ECF831-AA19-4279-8E3E-478A9C667A67}.Template|x86.Build.0 = Template|Win32
		{30461467-F1B4-4D49-A789-319FD41A98D2}.Debug|x64.ActiveCfg = Debug|x64
		{30461467-F1B4-4D49-A789-319FD41A98D2}.Debug|x64.Build.0 = Debug|x64
		{30461467-F1B4-4D49-A789-319FD41A98D2}.Debug|x86.ActiveCfg = Debug|Win32
		{30461467-F1B4-4D49-A789-319FD41A98D2}.Debug|x86.Build.0 = Debug|Win32
		{30461467-F1B4-4D49-A789-319FD41A98D2}.Release|x64.ActiveCfg = Release|x64
		{30461467-F1B4-4D49-A789-319FD41A98D2}.Release|x64.Build.0 = Release|x64
		{30461467-F1B4-4D49-A789-319FD41A98D2}.Release|x86.ActiveCfg = Release|Win32
		{30461467-F1B4-4D49-A789-319FD41A98D2}.Release|x86.Build.0 = Release|Win32
		{30461467-F1B4-4D49-A789-319FD41A98D2}.Template|x64.ActiveCfg = Template|x64
		{30461467-F1B4-4D49-A789-319FD41A98D2}.Template|x64.Build.0 = Template|x64
		{30461467-F1B4-4D49-A789-319FD41A98D2}.Template|x86.ActiveCfg = Template|Win32
		{30461467-F1B4-4D49-A789-319FD41A98D2}.Template|x86.Build.0 = Template|Win32
		{0253DDC0-9659-49BA-B861-A321BC88D668}.Debug|x64.ActiveCfg = Debug|x64
		{0253DDC0-9659-49BA-B861-A321BC88D668}.Debug|x64.Build.0 = Debug|x64
		{0253DDC0-9659-49BA-B861-A321BC88D668}.Debug|x86.ActiveCfg = Debug|Win32
		{0253DDC0-9659-49BA-B861-A321BC88D668}.Debug|x86.Build.0 = Debug|Win32
		{0253DDC0-9659-49BA-B861-A321BC88D668}.Release|x64.ActiveCfg = Release|x64
		{0253DDC0-9659-49BA-B861-A321BC88D668}.Release|x64.Build.0 = Release|x64
		{0253DDC0-9659-49BA-B861-A321BC88D668}.Release|x86.ActiveCfg = Release|Win32
		{0253DDC0-9659-49BA-B861-A321BC88D668}.Release|x86.Build.0 = Release|Win32
		{0253DDC0-9659-49BA-B861-A321BC88D668}.Template|x64.ActiveCfg = Template|x64
		{0253DDC0-9659-49BA-B861-A321BC88D668}.Template|x64.Build.0 = Template|x64
		{0253DDC0-9659-49BA-B861-A321BC88D668}.Template|x86.ActiveCfg = Template|Win32
		{0253DDC0-9659-49BA-B861-A321BC88D668}.Template|x86.Build.0 = Template|Win32
		{6AD99791-25DF-420D-8016-F3E0380FD5DE}.Debug|x64.ActiveCfg = Debug|x64
		{6AD99791-25DF-420D-8016-F3E0380FD5DE}.Debug|x64.Build.0 = Debug|x64
		{6AD99791-25DF-420D-8016-F3E0380FD5DE}.Debug|x86.ActiveCfg = Debug|Win32
		{6AD99791-25DF-420D-8016-F3E0380FD5DE}.Debug|x86.Build.0 = Debug|Win32
		{6AD99791-25DF-420D-8016-F3E0380FD5DE}.Release|x64.ActiveCfg = Release|x64
		{6AD99791-25DF-420D-8016-F3E0380FD5DE}.Release|x64.Build.0 = Release|x64
		{6AD99791-25DF-420D-8016-F3E0380FD5DE}.Release|x86.ActiveCfg = Release|Win32
		{6AD99791-25DF-420D-8016-F3E0380FD5DE}.Release|x86.Build.0 = Release|Win32
		{6AD99791-25DF-420D-8016-F3E0380FD5DE}.Template|x64.ActiveCfg = Template|x64
		{6AD99791-25DF-420D-8016-F3E0380FD5DE}.Template|x64.Build.0 = Template|x64
		{6AD99791-25DF-420D-8016-F3E0380FD5DE}.Template|x86.ActiveCfg = Template|Win32
		{6AD99791-25DF-420D-8016-F3E0380FD5DE}.Template|x86.Build.0 = Template|Win32
		{35452B2E-DBD8-4AA4-AAF5-B5484AA19D56}.Debug|x64.ActiveCfg = Debug|x64
		{35452B2E-DBD8-4AA4-AAF5-B5484AA19D56}.Debug|x64.Build.0 = Debug|x64
		{35452B2E-DBD8-4AA4-AAF5-B5484AA19D56}.Debug|x86.ActiveCfg = Debug|Win32
		{35452B2E-DBD8-4AA4-AAF5-B5484AA19D56}.Debug|x86.Build.0 = Debug|Win32
		{35452B2E-DBD8-4AA4-AAF5-B5484AA19D56}.Release|x64.ActiveCfg = Release|x64
		{35452B2E-DBD8-4AA4-AAF5-B5484AA19D56}.Release|x64.Build.0 = Release|x64
		{35452B2E-DBD8-4AA4-AAF5-B5484AA19D56}.Release|x86.ActiveCfg = Release|Win32
		{35452B2E-DBD8-4AA4-AAF5-B5484AA19D56}.Release|x86.Build.0 = Release|Win32
		{35452B2E-DBD8-4AA4-AAF5-B5484AA19D56}.Template|x64.ActiveCfg = Template|x64
		{35452B2E-DBD8-4AA4-AAF5-B5484AA19D56}.Template|x64.Build.0 = Template|x64
		{35452B2E-DBD8-4AA4-AAF5-B5484AA19D56}.Template|x86.ActiveCfg = Template|Win32
		{35452B2E-DBD8-4AA4-AAF5-B5484AA19D56}.Template|x86.Build.0 = Template|Win32
		{402E36E6-802D-44BD-8B34-52598C0BDB4E}.Debug|x64.ActiveCfg = Debug|x64
		{402E36E6-802D-44BD-8B34-52598C0BDB4E}.Debug|x64.Build.0 = Debug|x64
		{402E36E6-802D-44BD-8B34-52598C0BDB4E}.Debug|x86.ActiveCfg = Debug|Win32
		{402E36E6-802D-44BD-8B34-52598C0BDB4E}.Debug|x86.Build.0 = Debug|Win32
		{402E36E6-802D-44BD-8B34-52598C0BDB4E}.Release|x64.ActiveCfg = Release|x64
		{402E36E6-802D-44BD-8B34-52598C0BDB4E}.Release|x64.Build.0 = Release|x64
		{402E36E6-802D-44BD-8B34-52598C0BDB4E}.Release|x86.ActiveCfg = Release|Win32
		{402E36E6-802D-44BD-8B34-52598C0BDB4E}.Release|x86.Build.0 = Release|Win32
		{402E36E6-802D-44BD-8B34-52598C0BDB4E}.Template|x64.ActiveCfg = Template|x64
		{402E36E6-802D-44BD-8B34-52598C0BDB4E}.Template|x64.Build.0 = Template|x64
		{402E36E6-802D-44BD-8B34-52598C0BDB4E}.Template|x86.ActiveCfg = Template|Win32
		{402E36E6-802D-44BD-8B34-52598C0BDB4E}.Template|x86.Build.0 = Template|Win32
		{83CFDE03-9CC2-4A9F-81BB-F9C58ADA8D9D}.Debug|x64.ActiveCfg = Debug|x64
		{83CFDE03-9CC2-4A9F-81BB-F9C58ADA8D9D}.Debug|x64.Build.0 = Debug|x64
		{83CFDE03-9CC2-4A9F-81BB-F9C58ADA8D9D}.Debug|x86.ActiveCfg = Debug|Win32
		{83CFDE03-9CC2-4A9F-81BB-F9C58ADA8D9D}.Debug|x86.Build.0 = Debug|Win32
		{83CFDE03-9CC2-4A9F-81BB-F9C58ADA8D9D}.Release|x64.ActiveCfg = Release|x64
		{83CFDE03-9CC2-4A9F-81BB-F9C58ADA8D9D}.Release|x64.Build.0 = Release|x64
		{83CFDE03-9CC2-4A9F-81BB-F9C58ADA8D9D}.Release|x86.ActiveCfg = Release|Win32
		{83CFDE03-9CC2-4A9F-81BB-F9C58ADA8D9D}.Release|x86.Build.0 = Release|Win32
		{83CFDE03-9CC2-4A9F-81BB-F9C58ADA8D9D}.Template|x64.ActiveCfg = Template|x64
		{83CFDE03-9CC2-4A9F-81BB-F9C58ADA8D9D}.Template|x64.Build.0 = Template|x64
		{83CFDE03-9CC2-4A9F-81BB-F9C58ADA8D9D}.Template|x86.ActiveCfg = Template|Win32
		{83CFDE03-9CC2-4A9F-81BB-F9C58ADA8D9D}.Template|x86.Build.0 = Template|Win32
		{E299AC7E-78C7-4C48-89B8-9BD62377DAA1}.Debug|x64.ActiveCfg = Debug|x64
		{E299AC7E-78C7-4C48-89B8-9BD62377DAA1}.Debug|x64.Build.0 = Debug|x64
		{E299AC7E-78C7-4C48-89B8-9BD62377DAA1}.Debug|x86.ActiveCfg = Debug|Win32
		{E299AC7E-78C7-4C48-89B8-9BD62377DAA1}.Debug|x86.Build.0 = Debug|Win32
		{E299AC7E-78C7-4C48-89B8-9BD62377DAA1}.Release|x64.ActiveCfg = Release|x64
		{E299AC7E-78C7-4C48-89B8-9BD62377DAA1}.Release|x64.Build.0 = Release|x64
		{E299AC7E-78C7-4C48-89B8-9BD62377DAA1}.Release|x86.ActiveCfg = Release|Win32
		{E299AC7E-78C7-4C48-89B8-9BD62377DAA1}.Release|x86.Build.0 = Release|Win32
		{E299AC7E-78C7-4C48-89B8-9BD62377DAA1}.Template|x64.ActiveCfg = Template|x64
		{E299AC7E-78C7-4C48-89B8-9BD62377DAA1}.Template|x64.Build.0 = Template|x64
		{E299AC7E-78C7-4C48-89B8-9BD62377DAA1}.Template|x86.ActiveCfg = Template|Win32
		{E299AC7E-78C7-4C48-89B8-9BD62377DAA1}.Template|x86.Build.0 = Template|Win32
		{234731FB-E831-41AB-87DE-7CD8D33FE9D1}.Debug|x64.ActiveCfg = Debug|x64
		{234731FB-E831-41AB-87DE-7CD8D33FE9D1}.Debug|x64.Build.0 = Debug|x64
		{234731FB-E831-41AB-87DE-7CD8D33FE9D1}.Debug|x86.ActiveCfg = Debug|Win32
		{234731FB-E831-41AB-87DE-7CD8D33FE9D1}.Debug|x86.Build.0 = Debug|Win32
		{234731FB-E831-41AB-87DE-7CD8D33FE9D1}.Release|x64.ActiveCfg = Release|x64
		{234731FB-E831-41AB-87DE-7CD8D33FE9D1}.Release|x64.Build.0 = Release|x64
		{234731FB-E831-41AB-87DE-7CD8D33FE9D1}.Release|x86.ActiveCfg = Release|Win32
		{234731FB-E831-41AB-87DE-7CD8D33FE9D1}.Release|x86.Build.0 = Release|Win32
		{234731FB-E831-41AB-87DE-7CD8D33FE9D1}.Template|x64.ActiveCfg = Template|x64
		{234731FB-E831-41AB-87DE-7CD8D33FE9D1}.Template|x64.Build.0 = Template|x64
		{234731FB-E831-41AB-87DE-7CD8D33FE9D1}.Template|x86.ActiveCfg = Template|Win32
		{234731FB-E831-41AB-87DE-7CD8D33FE9D1}.Template|x86.Build.0 = Template|Win32
		{0F60D392-6A15-4166-B270-3118ACEE99D7}.Debug|x64.ActiveCfg = Debug|x64
		{0F60D392-6A15-4166-B270-3118ACEE99D7}.Debug|x64.Build.0 = Debug|x64
		{0F60D392-6A15-4166-B270-3118ACEE99D7}.Debug|x86.ActiveCfg = Debug|Win32
		{0F60D392-6A15-4166-B270-3118ACEE99D7}.Debug|x86.Build.0 = Debug|Win32
		{0F60D392-6A15-4166-B270-3118ACEE99D7}.Release|x64.ActiveCfg = Release|x64
		{0F60D392-6A15-4166-B270-3118ACEE99D7}.Release|x64.Build.0 = Release|x64
		{0F60D392-6A15-4166-B270-3118ACEE99D7}.Release|x86.ActiveCfg = Release|Win32
		{0F60D392-6A15-4166-B270-3118ACEE99D7}.Release|x86.Build.0 = Release|Win32
		{0F60D392-6A15-4166-B270-3118ACEE99D7}.Template|x64.ActiveCfg = Template|x64
		{0F60D392-6A15-4166-B270-3118ACEE99D7}.Template|x64.Build.0 = Template|x64
		{0F60D392-6A15-4166-B270-3118ACEE99D7}.Template|x86.ActiveCfg = Template|Win32
		{0F60D392-6A15-4166-B270-3118ACEE99D7}.Template|x86.Build.0 = Template|Win32
		{AF46D803-B4D1-4B0C-B653-E258DA5FFED6}.Debug|x64.ActiveCfg = Debug|x64
		{AF46D803-B4D1-4B0C-B653-E258DA5FFED6}.Debug|x64.Build.0 = Debug|x64
		{AF46D803-B4D1-4B0C-B653-E258DA5FFED6}.Debug|x86.ActiveCfg = Debug|Win32
		{AF46D803-B4D1-4B0C-B653-E258DA5FFED6}.Debug|x86.Build.0 = Debug|Win32
		{AF46D803-B4D1-4B0C-B653-E258DA5FFED6}.Release|x64.ActiveCfg = Release|x64
		{AF46D803-B4D1-4B0C-B653-E258DA5FFED6}.Release|x64.Build.0 = Release|x64
		{AF46D803-B4D1-4B0C-B653-E258DA5FFED6}.Release|x86.ActiveCfg = Release|Win32
		{AF46D803-B4D1-4B0C-B653-E258DA5FFED6}.Release|x86.Build.0 = Release|Win32
		{AF46D803-B4D1-4B0C-B653-E258DA5FFED6}.Template|x64.ActiveCfg = Template|x64
		{AF46D803-B4D1-4B0C-B653-E258DA5FFED6}.Template|x64.Build.0 = Template|x64
		{AF46D803-B4D1-4B0C-B653-E258DA5FFED6}.Template|x86.ActiveCfg = Template|Win32
		{AF46D803-B4D1-4B0C-B653-E258DA5FFED6}.Template|x86.Build.0 = Template|Win32
		{0A917E5B-D5C3-4F05-B9E1-F3A20588E4BB}.Debug|x64.ActiveCfg = Debug|x64
		{0A917E5B-D5C3-4F05-B9E1-F3A20588E4BB}.Debug|x64.Build.0 = Debug|x64
		{0A917E5B-D5C3-4F05-B9E1-F3A20588E4BB}.Debug|x86.ActiveCfg = Debug|Win32
		{0A917E5B-D5C3-4F05-B9E1-F3A20588E4BB}.Debug|x86.Build.0 = Debug|Win32
		{0A917E5B-D5C3-4F05-B9E1-F3A20588E4BB}.Release|x64.ActiveCfg = Release|x64
		{0A917E5B-D5C3-4F05-B9E1-F3A20588E4BB}.Release|x64.Build.0 = Release|x64
		{0A917E5B-D5C3-4F05-B9E1-F3A20588E4BB}.Release|x86.ActiveCfg = Release|Win32
		{0A917E5B-D5C3-4F05-B9E1-F3A20588E4BB}.Release|x86.Build.0 = Release|Win32
		{0A917E5B-D5C3-4F05-B9E1-F3A20588E4BB}.Template|x64.ActiveCfg = Template|x64
		{0A917E5B-D5C3-4F05-B9E1-F3A20588E4BB}.Template|x64.Build.0 = Template|x64
		{0A917E5B-D5C3-4F05-B9E1-F3A20588E4BB}.Template|x86.ActiveCfg = Template|Win32
		{0A917E5B-D5C3-4F05-B9E1-F3A20588E4BB}.Template|x86.Build.0 = Template|Win32
		{C83055B6-AC7B-45AC-A76A-18F849FAAC00}.Debug|x64.ActiveCfg = Debug|x64
		{C83055B6-AC7B-45AC-A76A-18F849FAAC00}.Debug|x64.Build.0 = Debug|x64
		{C83055B6-AC7B-45AC-A76A-18F849FAAC00}.Debug|x86.ActiveCfg = Debug|Win32
		{C83055B6-AC7B-45AC-A76A-18F849FAAC00}.Debug|x86.Build.0 = Debug|Win32
		{C83055B6-AC7B-45AC-A76A-18F849FAAC00}.Release|x64.ActiveCfg = Release|x64
		{C83055B6-AC7B-45AC-A76A-18F849FAAC00}.Release|x64.Build.0 = Release|x64
		{C83055B6-AC7B-45AC-A76A-18F849FAAC00}.Release|x86.ActiveCfg = Release|Win32
		{C83055B6-AC7B-45AC-A76A-18F849FAAC00}.Release|x86.Build.0 = Release|Win32
		{C83055B6-AC7B-45AC-A76A-18F849FAAC00}.Template|x64.ActiveCfg = Template|x64
		{C83055B6-AC7B-45AC-A76A-18F849FAAC00}.Template|x64.Build.0 = Template|x64
		{C83055B6-AC7B-45AC-A76A-18F849FAAC00}.Template|x86.ActiveCfg = Template|Win32
		{C83055B6-AC7B-45AC-A76A-18F849FAAC00}.Template|x86.Build.0 = Template|Win32
		{102F5951-8BDC-429F-9B38-E31F37F73333}.Debug|x64.ActiveCfg = Debug|x64
		{102F5951-8BDC-429F-9B38-E31F37F73333}.Debug|x64.Build.0 = Debug|x64
		{102F5951-8BDC-429F-9B38-E31F37F73333}.Debug|x86.ActiveCfg = Debug|Win32
		{102F5951-8BDC-429F-9B38-E31F37F73333}.Debug|x86.Build.0 = Debug|Win32
		{102F5951-8BDC-429F-9B38-E31F37F73333}.Release|x64.ActiveCfg = Release|x64
		{102F5951-8BDC-429F-9B38-E31F37F73333}.Release|x64.Build.0 = Release|x64
		{102F5951-8BDC-429F-9B38-E31F37F73333}.Release|x86.ActiveCfg = Release|Win32
		{102F5951-8BDC-429F-9B38-E31F37F73333}.Release|x86.Build.0 = Release|Win32
		{102F5951-8BDC-429F-9B38-E31F37F73333}.Template|x64.ActiveCfg = Template|x64
		{102F5951-8BDC-429F-9B38-E31F37F73333}.Template|x64.Build.0 = Template|x64
		{102F5951-8BDC-429F-9B38-E31F37F73333}.Template|x86.ActiveCfg = Template|Win32
		{102F5951-8BDC-429F-9B38-E31F37F73333}.Template|x86.Build.0 = Template|Win32
		{9709EED6-E434-448F-AE3E-4A0BC570461E}.Debug|x64.ActiveCfg = Debug|x64
		{9709EED6-E434-448F-AE3E-4A0BC570461E}.Debug|x64.Build.0 = Debug|x64
		{9709EED6-E434-448F-AE3E-4A0BC570461E}.Debug|x86.ActiveCfg = Debug|Win32
		{9709EED6-E434-448F-AE3E-4A0BC570461E}.Debug|x86.Build.0 = Debug|Win32
		{9709EED6-E434-448F-AE3E-4A0BC570461E}.Release|x64.ActiveCfg = Release|x64
		{9709EED6-E434-448F-AE3E-4A0BC570461E}.Release|x64.Build.0 = Release|x64
		{9709EED6-E434-448F-AE3E-4A0BC570461E}.Release|x86.ActiveCfg = Release|Win32
		{9709EED6-E434-448F-AE3E-4A0BC570461E}.Release|x86.Build.0 = Release|Win32
		{9709EED6-E434-448F-AE3E-4A0BC570461E}.Template|x64.ActiveCfg = Template|x64
		{9709EED6-E434-448F-AE3E-4A0BC570461E}.Template|x64.Build.0 = Template|x64
		{9709EED6-E434-448F-AE3E-4A0BC570461E}.Template|x86.ActiveCfg = Template|Win32
		{9709EED6-E434-448F-AE3E-4A0BC570461E}.Template|x86.Build.0 = Template|Win32
		{18954E8C-E43C-44A7-BC3D-BB955DDB6A71}.Debug|x64.ActiveCfg = Debug|x64
		{18954E8C-E43C-44A7-BC3D-BB955DDB6A71}.Debug|x64.Build.0 = Debug|x64
		{18954E8C-E43C-44A7-BC3D-BB955DDB6A71}.Debug|x86.ActiveCfg = Debug|Win32
		{18954E8C-E43C-44A7-BC3D-BB955DDB6A71}.Debug|x86.Build.0 = Debug|Win32
		{18954E8C-E43C-44A7-BC3D-BB955DDB6A71}.Release|x64.ActiveCfg = Release|x64
		{18954E8C-E43C-44A7-BC3D-BB955DDB6A71}.Release|x64.Build.0 = Release|x64
		{18954E8C-E43C-44A7-BC3D-BB955DDB6A71}.Release|x86.ActiveCfg = Release|Win32
		{18954E8C-E43C-44A7-BC3D-BB955DDB6A71}.Release|x86.Build.0 = Release|Win32
		{18954E8C-E43C-44A7-BC3D-BB955DDB6A71}.Template|x64.ActiveCfg = Template|x64
		{18954E8C-E43C-44A7-BC3D-BB955DDB6A71}.Template|x64.Build.0 = Template|x64
		{18954E8C-E43C-44A7-BC3D-BB955DDB6A71}.Template|x86.ActiveCfg = Template|Win32
		{18954E8C-E43C-44A7-BC3D-BB955DDB6A71}.Template|x86.Build.0 = Template|Win32
		{E2FE8ECA-2AE8-471A-9323-C7974F46FA3E}.Debug|x64.ActiveCfg = Debug|x64
		{E2FE8ECA-2AE8-471A-9323-C7974F46FA3E}.Debug|x64.Build.0 = Debug|x64
		{E2FE8ECA-2AE8-471A-9323-C7974F46FA3E}.Debug|x86.ActiveCfg = Debug|Win32
		{E2FE8ECA-2AE8-471A-9323-C7974F46FA3E}.Debug|x86.Build.0 = Debug|Win32
		{E2FE8ECA-2AE8-471A-9323-C7974F46FA3E}.Release|x64.ActiveCfg = Release|x64
		{E2FE8ECA-2AE8-471A-9323-C7974F46FA3E}.Release|x64.Build.0 = Release|x64
		{E2FE8ECA-2AE8-471A-9323-C7974F46FA3E}.Release|x86.ActiveCfg = Release|Win32
		{E2FE8ECA-2AE8-471A-9323-C7974F46FA3E}.Release|x86.Build.0 = Release|Win32
		{E2FE8ECA-2AE8-471A-9323-C7974F46FA3E}.Template|x64.ActiveCfg = Template|x64
		{E2FE8ECA-2AE8-471A-9323-C7974F46FA3E}.Template|x64.Build.0 = Template|x64
		{E2FE8ECA-2AE8-471A-9323-C7974F46FA3E}.Template|x86.ActiveCfg = Template|Win32
		{E2FE8ECA-2AE8-471A-9323-C7974F46FA3E}.Template|x86.Build.0 = Template|Win32
		{795729EB-B19C-43EB-A884-15B358BC1DBB}.Debug|x64.ActiveCfg = Debug|x64
		{795729EB-B19C-43EB-A884-15B358BC1DBB}.Debug|x64.Build.0 = Debug|x64
		{795729EB-B19C-43EB-A884-15B358BC1DBB}.Debug|x86.ActiveCfg = Debug|Win32
		{795729EB-B19C-43EB-A884-15B358BC1DBB}.Debug|x86.Build.0 = Debug|Win32
		{795729EB-B19C-43EB-A884-15B358BC1DBB}.Release|x64.ActiveCfg = Release|x64
		{795729EB-B19C-43EB-A884-15B358BC1DBB}.Release|x64.Build.0 = Release|x64
		{795729EB-B19C-43EB-A884-15B358BC1DBB}.Release|x86.ActiveCfg = Release|Win32
		{795729EB-B19C-43EB-A884-15B358BC1DBB}.Release|x86.Build.0 = Release|Win32
		{795729EB-B19C-43EB-A884-15B358BC1DBB}.Template|x64.ActiveCfg = Template|x64
		{795729EB-B19C-43EB-A884-15B358BC1DBB}.Template|x64.Build.0 = Template|x64
		{795729EB-B19C-43EB-A884-15B358BC1DBB}.Template|x86.ActiveCfg = Template|Win32
		{795729EB-B19C-43EB-A884-15B358BC1DBB}.Template|x86.Build.0 = Template|Win32
		{AA3276AF-F32B-401F-B622-4AD10E311B34}.Debug|x64.ActiveCfg = Debug|x64
		{AA3276AF-F32B-401F-B622-4AD10E311B34}.Debug|x64.Build.0 = Debug|x64
		{AA3276AF-F32B-401F-B622-4AD10E311B34}.Debug|x86.ActiveCfg = Debug|Win32
		{AA3276AF-F32B-401F-B622-4AD10E311B34}.Debug|x86.Build.0 = Debug|Win32
		{AA3276AF-F32B-401F-B622-4AD10E311B34}.Release|x64.ActiveCfg = Release|x64
		{AA3276AF-F32B-401F-B622-4AD10E311B34}.Release|x64.Build.0 = Release|x64
		{AA3276AF-F32B-401F-B622-4AD10E311B34}.Release|x86.ActiveCfg = Release|Win32
		{AA3276AF-F32B-401F-B622-4AD10E311B34}.Release|x86.Build.0 = Release|Win32
		{AA3276AF-F32B-401F-B622-4AD10E311B34}.Template|x64.ActiveCfg = Template|x64
		{AA3276AF-F32B-401F-B622-4AD10E311B34}.Template|x64.Build.0 = Template|x64
		{AA3276AF-F32B-401F-B622-4AD10E311B34}.Template|x86.ActiveCfg = Template|Win32
		{AA3276AF-F32B-401F-B622-4AD10E311B34}.Template|x86.Build.0 = Template|Win32
		{C31DD62C-40B1-4C8F-B1CD-7C09C83A4BCC}.Debug|x64.ActiveCfg = Debug|x64
		{C31DD62C-40B1-4C8F-B1CD-7C09C83A4BCC}.Debug|x64.Build.0 = Debug|x64
		{C31DD62C-40B1-4C8F-B1CD-7C09C83A4BCC}.Debug|x86.ActiveCfg = Debug|Win32
		{C31DD62C-40B1-4C8F-B1CD-7C09C83A4BCC}.Debug|x86.Build.0 = Debug|Win32
		{C31DD62C-40B1-4C8F-B1CD-7C09C83A4BCC}.Release|x64.ActiveCfg = Release|x64
		{C31DD62C-40B1-4C8F-B1CD-7C09C83A4BCC}.Release|x64.Build.0 = Release|x64
		{C31DD62C-40B1-4C8F-B1CD-7C09C83A4BCC}.Release|x86.ActiveCfg = Release|Win32
		{C31DD62C-40B1-4C8F-B1CD-7C09C83A4BCC}.Release|x86.Build.0 = Release|Win32
		{C31DD62C-40B1-4C8F-B1CD-7C09C83A4BCC}.Template|x64.ActiveCfg = Template|x64
		{C31DD62C-40B1-4C8F-B1CD-7C09C83A4BCC}.Template|x64.Build.0 = Template|x64
		{C31DD62C-40B1-4C8F-B1CD-7C09C83A4BCC}.Template|x86.ActiveCfg = Template|Win32
		{C31DD62C-40B1-4C8F-B1CD-7C09C83A4BCC}.Template|x86.Build.0 = Template|Win32
		{D7367099-0AD5-434C-A8BB-ADDC603EE984}.Debug|x64.ActiveCfg = Debug|x64
		{D7367099-0AD5-434C-A8BB-ADDC603EE984}.Debug|x64.Build.0 = Debug|x64
		{D7367099-0AD5-434C-A8BB-ADDC603EE984}.Debug|x86.ActiveCfg = Debug|Win32
		{D7367099-0AD5-434C-A8BB-ADDC603EE984}.Debug|x86.Build.0 = Debug|Win32
		{D7367099-0AD5-434C-A8BB-ADDC603EE984}.Release|x64.ActiveCfg = Release|x64
		{D7367099-0AD5-434C-A8BB-ADDC603EE984}.Release|x64.Build.0 = Release|x64
		{D7367099-0AD5-434C-A8BB-ADDC603EE984}.Release|x86.ActiveCfg = Release|Win32
		{D7367099-0AD5-434C-A8BB-ADDC603EE984}.Release|x86.Build.0 = Release|Win32
		{D7367099-0AD5-434C-A8BB-ADDC603EE984}.Template|x64.ActiveCfg = Template|x64
		{D7367099-0AD5-434C-A8BB-ADDC603EE984}.Template|x64.Build.0 = Template|x64
		{D7367099-0AD5-434C-A8BB-ADDC603EE984}.Template|x86.ActiveCfg = Template|Win32
		{D7367099-0AD5-434C-A8BB-ADDC603EE984}.Template|x86.Build.0 = Template|Win32
		{92CCE684-CA5F-47D0-A74D-EA989CF156F0}.Debug|x64.ActiveCfg = Debug|x64
		{92CCE684-CA5F-47D0-A74D-EA989CF156F0}.Debug|x64.Build.0 = Debug|x64
		{92CCE684-CA5F-47D0-A74D-EA989CF156F0}.Debug|x86.ActiveCfg = Debug|Win32
		{92CCE684-CA5F-47D0-A74D-EA989CF156F0}.Debug|x86.Build.0 = Debug|Win32
		{92CCE684-CA5F-47D0-A74D-EA989CF156F0}.Release|x64.ActiveCfg = Release|x64
		{92CCE684-CA5F-47D0-A74D-EA989CF156F0}.Release|x64.Build.0 = Release|x64
		{92CCE684-CA5F-47D0-A74D-EA989CF156F0}.Release|x86.ActiveCfg = Release|Win32
		{92CCE684-CA5F-47D0-A74D-EA989CF156F0}.Release|x86.Build.0 = Release|Win32
		{92CCE684-CA5F-47D0-A74D-EA989CF156F0}.Template|x64.ActiveCfg = Template|x64
		{92CCE684-CA5F-47D0-A74D-EA989CF156F0}.Template|x64.Build.0 = Template|x64
		{92CCE684-CA5F-47D0-A74D-EA989CF156F0}.Template|x86.ActiveCfg = Template|Win32
		{92CCE684-CA5F-47D0-A74D-EA989CF156F0}.Template|x86.Build.0 = Template|Win32
		{97C4AAAB-D57F-4CD3-8746-550C219B7A15}.Debug|x64.ActiveCfg = Debug|x64
		{97C4AAAB-D57F-4CD3-8746-550C219B7A15}.Debug|x64.Build.0 = Debug|x64
		{97C4AAAB-D57F-4CD3-8746-550C219B7A15}.Debug|x86.ActiveCfg = Debug|Win32
		{97C4AAAB-D57F-4CD3-8746-550C219B7A15}.Debug|x86.Build.0 = Debug|Win32
		{97C4AAAB-D57F-4CD3-8746-550C219B7A15}.Release|x64.ActiveCfg = Release|x64
		{97C4AAAB-D57F-4CD3-8746-550C219B7A15}.Release|x64.Build.0 = Release|x64
		{97C4AAAB-D57F-4CD3-8746-550C219B7A15}.Release|x86.ActiveCfg = Release|Win32
		{97C4AAAB-D57F-4CD3-8746-550C219B7A15}.Release|x86.Build.0 = Release|Win32
		{97C4AAAB-D57F-4CD3-8746-550C219B7A15}.Template|x64.ActiveCfg = Template|x64
		{97C4AAAB-D57F-4CD3-8746-550C219B7A15}.Template|x64.Build.0 = Template|x64
		{97C4AAAB-D57F-4CD3-8746-550C219B7A15}.Template|x86.ActiveCfg = Template|Win32
		{97C4AAAB-D57F-4CD3-8746-550C219B7A15}.Template|x86.Build.0 = Template|Win32
		{4C4D8BF4-8507-431A-8A9A-D3F2C1AB90E7}.Debug|x64.ActiveCfg = Debug|x64
		{4C4D8BF4-8507-431A-8A9A-D3F2C1AB90E7}.Debug|x64.Build.0 = Debug|x64
		{4C4D8BF4-8507-431A-8A9A-D3F2C1AB90E7}.Debug|x86.ActiveCfg = Debug|Win32
		{4C4D8BF4-8507-431A-8A9A-D3F2C1AB90E7}.Debug|x86.Build.0 = Debug|Win32
		{4C4D8BF4-8507-431A-8A9A-D3F2C1AB90E7}.Release|x64.ActiveCfg = Release|x64
		{4C4D8BF4-8507-431A-8A9A-D3F2C1AB90E7}.Release|x64.Build.0 = Release|x64
		{4C4D8BF4-8507-431A-8A9A-D3F2C1AB90E7}.Release|x86.ActiveCfg = Release|Win32
		{4C4D8BF4-8507-431A-8A9A-D3F2C1AB90E7}.Release|x86.Build.0 = Release|Win32
		{4C4D8BF4-8507-431A-8A9A-D3F2C1AB90E7}.Template|x64.ActiveCfg = Template|x64
		{4C4D8BF4-8507-431A-8A9A-D3F2C1AB90E7}.Template|x64.Build.0 = Template|x64
		{4C4D8BF4-8507-431A-8A9A-D3F2C1AB90E7}.Template|x86.ActiveCfg = Template|Win32
		{4C4D8BF4-8507-431A-8A9A-D3F2C1AB90E7}.Template|x86.Build.0 = Template|Win32
		{CD071BA1-2A06-4984-8BA9-4FDAF8E6DFF3}.Debug|x64.ActiveCfg = Debug|x64
		{CD071BA1-2A06-4984-8BA9-4FDAF8E6DFF3}.Debug|x64.Build.0 = Debug|x64
		{CD071BA1-2A06-4984-8BA9-4FDAF8E6DFF3}.Debug|x86.ActiveCfg = Debug|Win32
		{CD071BA1-2A06-4984-8BA9-4FDAF8E6DFF3}.Debug|x86.Build.0 = Debug|Win32
		{CD071BA1-2A06-4984-8BA9-4FDAF8E6DFF3}.Release|x64.ActiveCfg = Release|x64
		{CD071BA1-2A06-4984-8BA9-4FDAF8E6DFF3}.Release|x64.Build.0 = Release|x64
		{CD071BA1-2A06-4984-8BA9-4FDAF8E6DFF3}.Release|x86.ActiveCfg = Release|Win32
		{CD071BA1-2A06-4984-8BA9-4FDAF8E6DFF3}.Release|x86.Build.0 = Release|Win32
		{CD071BA1-2A06-4984-8BA9-4FDAF8E6DFF3}.Template|x64.ActiveCfg = Template|x64
		{CD071BA1-2A06-4984-8BA9-4FDAF8E6DFF3}.Template|x64.Build.0 = Template|x64
		{CD071BA1-2A06-4984-8BA9-4FDAF8E6DFF3}.Template|x86.ActiveCfg = Template|Win32
		{CD071BA1-2A06-4984-8BA9-4FDAF8E6DFF3}.Template|x86.Build.0 = Template|Win32
		{AA8EA59D-F0B4-406F-BF47-A140BF467C11}.Debug|x64.ActiveCfg = Debug|x64
		{AA8EA59D-F0B4-406F-BF47-A140BF467C11}.Debug|x64.Build.0 = Debug|x64
		{AA8EA59D-F0B4-406F-BF47-A140BF467C11}.Debug|x86.ActiveCfg = Debug|Win32
		{AA8EA59D-F0B4-406F-BF47-A140BF467C11}.Debug|x86.Build.0 = Debug|Win32
		{AA8EA59D-F0B4-406F-BF47-A140BF467C11}.Release|x64.ActiveCfg = Release|x64
		{AA8EA59D-F0B4-406F-BF47-A140BF467C11}.Release|x64.Build.0 = Release|x64
		{AA8EA59D-F0B4-406F-BF47-A140BF467C11}.Release|x86.ActiveCfg = Release|Win32
		{AA8EA59D-F0B4-406F-BF47-A140BF467C11}.Release|x86.Build.0 = Release|Win32
		{AA8EA59D-F0B4-406F-BF47-A140BF467C11}.Template|x64.ActiveCfg = Template|x64
		{AA8EA59D-F0B4-406F-BF47-A140BF467C11}.Template|x64.Build.0 = Template|x64
		{AA8EA59D-F0B4-406F-BF47-A140BF467C11}.Template|x86.ActiveCfg = Template|Win32
		{AA8EA59D-F0B4-406F-BF47-A140BF467C11}.Template|x86.Build.0 = Template|Win32
		{AF988C64-3640-481A-9BC5-BCEC84071DE6}.Debug|x64.ActiveCfg = Debug|x64
		{AF988C64-3640-481A-9BC5-BCEC84071DE6}.Debug|x64.Build.0 = Debug|x64
		{AF988C64-3640-481A-9BC5-BCEC84071DE6}.Debug|x86.ActiveCfg = Debug|Win32
		{AF988C64-3640-481A-9BC5-BCEC84071DE6}.Debug|x86.Build.0 = Debug|Win32
		{AF988C64-3640-481A-9BC5-BCEC84071DE6}.Release|x64.ActiveCfg = Release|x64
		{AF988C64-3640-481A-9BC5-BCEC84071DE6}.Release|x64.Build.0 = Release|x64
		{AF988C64-3640-481A-9BC5-BCEC84071DE6}.Release|x86.ActiveCfg = Release|Win32
		{AF988C64-3640-481A-9BC5-BCEC84071DE6}.Release|x86.Build.0 = Release|Win32
		{AF988C64-3640-481A-9BC5-BCEC84071DE6}.Template|x64.ActiveCfg = Template|x64
		{AF988C64-3640-481A-9BC5-BCEC84071DE6}.Template|x64.Build.0 = Template|x64
		{AF988C64-3640-481A-9BC5-BCEC84071DE6}.Template|x86.ActiveCfg = Template|Win32
		{AF988C64-3640-481A-9BC5-BCEC84071DE6}.Template|x86.Build.0 = Template|Win32
		{77882282-F29F-4EF3-B369-3067CA87079E}.Debug|x64.ActiveCfg = Debug|x64
		{77882282-F29F-4EF3-B369-3067CA87079E}.Debug|x64.Build.0 = Debug|x64
		{77882282-F29F-4EF3-B369-3067CA87079E}.Debug|x86.ActiveCfg = Debug|Win32
		{77882282-F29F-4EF3-B369-3067CA87079E}.Debug|x86.Build.0 = Debug|Win32
		{77882282-F29F-4EF3-B369-3067CA87079E}.Release|x64.ActiveCfg = Release|x64
		{77882282-F29F-4EF3-B369-3067CA87079E}.Release|x64.Build.0 = Release|x64
		{77882282-F29F-4EF3-B369-3067CA87079E}.Release|x86.ActiveCfg = Release|Win32
		{77882282-F29F-4EF3-B369-3067CA87079E}.Release|x86.Build.0 = Release|Win32
		{77882282-F29F-4EF3-B369-3067CA87079E}.Template|x64.ActiveCfg = Template|x64
		{77882282-F29F-4EF3-B369-3067CA87079E}.Template|x64.Build.0 = Template|x64
		{77882282-F29F-4EF3-B369-3067CA87079E}.Template|x86.ActiveCfg = Template|Win32
		{77882282-F29F-4EF3-B369-3067CA87079E}.Template|x86.Build.0 = Template|Win32
		{E8D4B48E-4E59-4AE0-9F8F-056C63C82F63}.Debug|x64.ActiveCfg = Debug|x64
		{E8D4B48E-4E59-4AE0-9F8F-056C63C82F63}.Debug|x64.Build.0 = Debug|x64
		{E8D4B48E-4E59-4AE0-9F8F-056C63C82F63}.Debug|x86.ActiveCfg = Debug|Win32
		{E8D4B48E-4E59-4AE0-9F8F-056C63C82F63}.Debug|x86.Build.0 = Debug|Win32
		{E8D4B48E-4E59-4AE0-9F8F-056C63C82F63}.Release|x64.ActiveCfg = Release|x64
		{E8D4B48E-4E59-4AE0-9F8F-056C63C82F63}.Release|x64.Build.0 = Release|x64
		{E8D4B48E-4E59-4AE0-9F8F-056C63C82F63}.Release|x86.ActiveCfg = Release|Win32
		{E8D4B48E-4E59-4AE0-9F8F-056C63C82F63}.Release|x86.Build.0 = Release|Win32
		{E8D4B48E-4E59-4AE0-9F8F-056C63C82F63}.Template|x64.ActiveCfg = Template|x64
		{E8D4B48E-4E59-4AE0-9F8F-056C63C82F63}.Template|x64.Build.0 = Template|x64
		{E8D4B48E-4E59-4AE0-9F8F-056C63C82F63}.Template|x86.ActiveCfg = Template|Win32
		{E8D4B48E-4E59-4AE0-9F8F-056C63C82F63}.Template|x86.Build.0 = Template|Win32
		{E35B183C-F968-4514-BFB1-E5133B5AEAF9}.Debug|x64.ActiveCfg = Debug|x64
		{E35B183C-F968-4514-BFB1-E5133B5AEAF9}.Debug|x64.Build.0 = Debug|x64
		{E35B183C-F968-4514-BFB1-E5133B5AEAF9}.Debug|x86.ActiveCfg = Debug|Win32
		{E35B183C-F968-4514-BFB1-E5133B5AEAF9}.Debug|x86.Build.0 = Debug|Win32
		{E35B183C-F968-4514-BFB1-E5133B5AEAF9}.Release|x64.ActiveCfg = Release|x64
		{E35B183C-F968-4514-BFB1-E5133B5AEAF9}.Release|x64.Build.0 = Release|x64
		{E35B183C-F968-4514-BFB1-E5133B5AEAF9}.Release|x86.ActiveCfg = Release|Win32
		{E35B183C-F968-4514-BFB1-E5133B5AEAF9}.Release|x86.Build.0 = Release|Win32
		{E35B183C-F968-4514-BFB1-E5133B5AEAF9}.Template|x64.ActiveCfg = Template|x64
		{E35B183C-F968-4514-BFB1-E5133B5AEAF9}.Template|x64.Build.0 = Template|x64
		{E35B183C-F968-4514-BFB1-E5133B5AEAF9}.Template|x86.ActiveCfg = Template|Win32
		{E35B183C-F968-4514-BFB1-E5133B5AEAF9}.Template|x86.Build.0 = Template|Win32
		{920D73EF-C87C-4E96-A237-9892E2662599}.Debug|x64.ActiveCfg = Debug|x64
		{920D73EF-C87C-4E96-A237-9892E2662599}.Debug|x64.Build.0 = Debug|x64
		{920D73EF-C87C-4E96-A237-9892E2662599}.Debug|x86.ActiveCfg = Debug|Win32
		{920D73EF-C87C-4E96-A237-9892E2662599}.Debug|x86.Build.0 = Debug|Win32
		{920D73EF-C87C-4E96-A237-9892E2662599}.Release|x64.ActiveCfg = Release|x64
		{920D73EF-C87C-4E96-A237-9892E2662599}.Release|x64.Build.0 = Release|x64
		{920D73EF-C87C-4E96-A237-9892E2662599}.Release|x86.ActiveCfg = Release|Win32
		{920D73EF-C87C-4E96-A237-9892E2662599}.Release|x86.Build.0 = Release|Win32
		{920D73EF-C87C-4E96-A237-9892E2662599}.Template|x64.ActiveCfg = Template|x64
		{920D73EF-C87C-4E96-A237-9892E2662599}.Template|x64.Build.0 = Template|x64
		{920D73EF-C87C-4E96-A237-9892E2662599}.Template|x86.ActiveCfg = Template|Win32
		{920D73EF-C87C-4E96-A237-9892E2662599}.Template|x86.Build.0 = Template|Win32
	EndGlobalSection
	GlobalSection(SolutionProperties) = preSolution
		HideSolutionNode = FALSE
	EndGlobalSection
	GlobalSection(ExtensibilityGlobals) = postSolution
		SolutionGuid = {D436716D-D4A5-492B-B884-0A4D331CDAEE}
	EndGlobalSection
EndGlobal
